
Microsoft Visual Studio Solution File, Format Version 12.00
# Visual Studio Version 17
VisualStudioVersion = 17.8.34525.116
MinimumVisualStudioVersion = 10.0.40219.1
Project("{9A19103F-16F7-4668-BE54-9A1E7A4F7556}") = "WorkAround", "WorkAround\WorkAround.csproj", "{0E154CCE-A6EE-4340-BD18-FA3ABB668432}"
EndProject
Project("{FAE04EC0-301F-11D3-BF4B-00C04F79EFBC}") = "Entities", "Entities\Entities.csproj", "{FF43BECB-E8EB-42B3-AE7B-C7F3C0B269CE}"
EndProject
Project("{FAE04EC0-301F-11D3-BF4B-00C04F79EFBC}") = "Business", "Business\Business.csproj", "{02A1651A-47A0-46D8-AAD5-CED1B4296421}"
EndProject
Global
	GlobalSection(SolutionConfigurationPlatforms) = preSolution
		Debug|Any CPU = Debug|Any CPU
		Release|Any CPU = Release|Any CPU
	EndGlobalSection
	GlobalSection(ProjectConfigurationPlatforms) = postSolution
		{0E154CCE-A6EE-4340-BD18-FA3ABB668432}.Debug|Any CPU.ActiveCfg = Debug|Any CPU
		{0E154CCE-A6EE-4340-BD18-FA3ABB668432}.Debug|Any CPU.Build.0 = Debug|Any CPU
		{0E154CCE-A6EE-4340-BD18-FA3ABB668432}.Release|Any CPU.ActiveCfg = Release|Any CPU
		{0E154CCE-A6EE-4340-BD18-FA3ABB668432}.Release|Any CPU.Build.0 = Release|Any CPU
		{FF43BECB-E8EB-42B3-AE7B-C7F3C0B269CE}.Debug|Any CPU.ActiveCfg = Debug|Any CPU
		{FF43BECB-E8EB-42B3-AE7B-C7F3C0B269CE}.Debug|Any CPU.Build.0 = Debug|Any CPU
		{FF43BECB-E8EB-42B3-AE7B-C7F3C0B269CE}.Release|Any CPU.ActiveCfg = Release|Any CPU
		{FF43BECB-E8EB-42B3-AE7B-C7F3C0B269CE}.Release|Any CPU.Build.0 = Release|Any CPU
		{02A1651A-47A0-46D8-AAD5-CED1B4296421}.Debug|Any CPU.ActiveCfg = Debug|Any CPU
		{02A1651A-47A0-46D8-AAD5-CED1B4296421}.Debug|Any CPU.Build.0 = Debug|Any CPU
		{02A1651A-47A0-46D8-AAD5-CED1B4296421}.Release|Any CPU.ActiveCfg = Release|Any CPU
		{02A1651A-47A0-46D8-AAD5-CED1B4296421}.Release|Any CPU.Build.0 = Release|Any CPU
	EndGlobalSection
	GlobalSection(SolutionProperties) = preSolution
		HideSolutionNode = FALSE
	EndGlobalSection
	GlobalSection(ExtensibilityGlobals) = postSolution
		SolutionGuid = {D2397BD5-AEC6-43CD-8820-614F42D0E9E1}
	EndGlobalSection
EndGlobal
